// !$*UTF8*$!
{
	archiveVersion = 1;
	classes = {
	};
	objectVersion = 50;
	objects = {

/* Begin PBXBuildFile section */
		F194712223F0781300C5D1AB /* AppDelegate.swift in Sources */ = {isa = PBXBuildFile; fileRef = F194712123F0781300C5D1AB /* AppDelegate.swift */; };
		F194712423F0781300C5D1AB /* SceneDelegate.swift in Sources */ = {isa = PBXBuildFile; fileRef = F194712323F0781300C5D1AB /* SceneDelegate.swift */; };
		F194712623F0781300C5D1AB /* ViewController.swift in Sources */ = {isa = PBXBuildFile; fileRef = F194712523F0781300C5D1AB /* ViewController.swift */; };
		F194712923F0781300C5D1AB /* Main.storyboard in Resources */ = {isa = PBXBuildFile; fileRef = F194712723F0781300C5D1AB /* Main.storyboard */; };
		F194712B23F0781500C5D1AB /* Assets.xcassets in Resources */ = {isa = PBXBuildFile; fileRef = F194712A23F0781500C5D1AB /* Assets.xcassets */; };
		F194712E23F0781500C5D1AB /* LaunchScreen.storyboard in Resources */ = {isa = PBXBuildFile; fileRef = F194712C23F0781500C5D1AB /* LaunchScreen.storyboard */; };
		F194713C23F07BB200C5D1AB /* KeyboardViewController.swift in Sources */ = {isa = PBXBuildFile; fileRef = F194713B23F07BB200C5D1AB /* KeyboardViewController.swift */; };
		F194714023F07BB200C5D1AB /* Hodor.appex in Embed App Extensions */ = {isa = PBXBuildFile; fileRef = F194713923F07BB200C5D1AB /* Hodor.appex */; settings = {ATTRIBUTES = (RemoveHeadersOnCopy, ); }; };
		F194714623F07F9200C5D1AB /* hodor.png in Resources */ = {isa = PBXBuildFile; fileRef = F194714523F07F9200C5D1AB /* hodor.png */; };
/* End PBXBuildFile section */

/* Begin PBXContainerItemProxy section */
		F194713E23F07BB200C5D1AB /* PBXContainerItemProxy */ = {
			isa = PBXContainerItemProxy;
			containerPortal = F194711623F0781300C5D1AB /* Project object */;
			proxyType = 1;
			remoteGlobalIDString = F194713823F07BB200C5D1AB;
			remoteInfo = Hodor;
		};
/* End PBXContainerItemProxy section */

/* Begin PBXCopyFilesBuildPhase section */
		F194714423F07BB200C5D1AB /* Embed App Extensions */ = {
			isa = PBXCopyFilesBuildPhase;
			buildActionMask = 2147483647;
			dstPath = "";
			dstSubfolderSpec = 13;
			files = (
				F194714023F07BB200C5D1AB /* Hodor.appex in Embed App Extensions */,
			);
			name = "Embed App Extensions";
			runOnlyForDeploymentPostprocessing = 0;
		};
/* End PBXCopyFilesBuildPhase section */

/* Begin PBXFileReference section */
		F194711E23F0781300C5D1AB /* HodorKeyboard.app */ = {isa = PBXFileReference; explicitFileType = wrapper.application; includeInIndex = 0; path = HodorKeyboard.app; sourceTree = BUILT_PRODUCTS_DIR; };
		F194712123F0781300C5D1AB /* AppDelegate.swift */ = {isa = PBXFileReference; lastKnownFileType = sourcecode.swift; path = AppDelegate.swift; sourceTree = "<group>"; };
		F194712323F0781300C5D1AB /* SceneDelegate.swift */ = {isa = PBXFileReference; lastKnownFileType = sourcecode.swift; path = SceneDelegate.swift; sourceTree = "<group>"; };
		F194712523F0781300C5D1AB /* ViewController.swift */ = {isa = PBXFileReference; lastKnownFileType = sourcecode.swift; path = ViewController.swift; sourceTree = "<group>"; };
		F194712823F0781300C5D1AB /* Base */ = {isa = PBXFileReference; lastKnownFileType = file.storyboard; name = Base; path = Base.lproj/Main.storyboard; sourceTree = "<group>"; };
		F194712A23F0781500C5D1AB /* Assets.xcassets */ = {isa = PBXFileReference; lastKnownFileType = folder.assetcatalog; path = Assets.xcassets; sourceTree = "<group>"; };
		F194712D23F0781500C5D1AB /* Base */ = {isa = PBXFileReference; lastKnownFileType = file.storyboard; name = Base; path = Base.lproj/LaunchScreen.storyboard; sourceTree = "<group>"; };
		F194712F23F0781500C5D1AB /* Info.plist */ = {isa = PBXFileReference; lastKnownFileType = text.plist.xml; path = Info.plist; sourceTree = "<group>"; };
		F194713923F07BB200C5D1AB /* Hodor.appex */ = {isa = PBXFileReference; explicitFileType = "wrapper.app-extension"; includeInIndex = 0; path = Hodor.appex; sourceTree = BUILT_PRODUCTS_DIR; };
		F194713B23F07BB200C5D1AB /* KeyboardViewController.swift */ = {isa = PBXFileReference; lastKnownFileType = sourcecode.swift; path = KeyboardViewController.swift; sourceTree = "<group>"; };
		F194713D23F07BB200C5D1AB /* Info.plist */ = {isa = PBXFileReference; lastKnownFileType = text.plist.xml; path = Info.plist; sourceTree = "<group>"; };
		F194714523F07F9200C5D1AB /* hodor.png */ = {isa = PBXFileReference; lastKnownFileType = image.png; path = hodor.png; sourceTree = "<group>"; };
/* End PBXFileReference section */

/* Begin PBXFrameworksBuildPhase section */
		F194711B23F0781300C5D1AB /* Frameworks */ = {
			isa = PBXFrameworksBuildPhase;
			buildActionMask = 2147483647;
			files = (
			);
			runOnlyForDeploymentPostprocessing = 0;
		};
		F194713623F07BB200C5D1AB /* Frameworks */ = {
			isa = PBXFrameworksBuildPhase;
			buildActionMask = 2147483647;
			files = (
			);
			runOnlyForDeploymentPostprocessing = 0;
		};
/* End PBXFrameworksBuildPhase section */

/* Begin PBXGroup section */
		F194711523F0781300C5D1AB = {
			isa = PBXGroup;
			children = (
				F194712023F0781300C5D1AB /* HodorKeyboard */,
				F194713A23F07BB200C5D1AB /* Hodor */,
				F194711F23F0781300C5D1AB /* Products */,
			);
			sourceTree = "<group>";
		};
		F194711F23F0781300C5D1AB /* Products */ = {
			isa = PBXGroup;
			children = (
				F194711E23F0781300C5D1AB /* HodorKeyboard.app */,
				F194713923F07BB200C5D1AB /* Hodor.appex */,
			);
			name = Products;
			sourceTree = "<group>";
		};
		F194712023F0781300C5D1AB /* HodorKeyboard */ = {
			isa = PBXGroup;
			children = (
				F194712123F0781300C5D1AB /* AppDelegate.swift */,
				F194712323F0781300C5D1AB /* SceneDelegate.swift */,
				F194712523F0781300C5D1AB /* ViewController.swift */,
				F194712723F0781300C5D1AB /* Main.storyboard */,
				F194712A23F0781500C5D1AB /* Assets.xcassets */,
				F194712C23F0781500C5D1AB /* LaunchScreen.storyboard */,
				F194712F23F0781500C5D1AB /* Info.plist */,
			);
			path = HodorKeyboard;
			sourceTree = "<group>";
		};
		F194713A23F07BB200C5D1AB /* Hodor */ = {
			isa = PBXGroup;
			children = (
				F194714523F07F9200C5D1AB /* hodor.png */,
				F194713B23F07BB200C5D1AB /* KeyboardViewController.swift */,
				F194713D23F07BB200C5D1AB /* Info.plist */,
			);
			path = Hodor;
			sourceTree = "<group>";
		};
/* End PBXGroup section */

/* Begin PBXNativeTarget section */
		F194711D23F0781300C5D1AB /* HodorKeyboard */ = {
			isa = PBXNativeTarget;
			buildConfigurationList = F194713223F0781500C5D1AB /* Build configuration list for PBXNativeTarget "HodorKeyboard" */;
			buildPhases = (
				F194711A23F0781300C5D1AB /* Sources */,
				F194711B23F0781300C5D1AB /* Frameworks */,
				F194711C23F0781300C5D1AB /* Resources */,
				F194714423F07BB200C5D1AB /* Embed App Extensions */,
			);
			buildRules = (
			);
			dependencies = (
				F194713F23F07BB200C5D1AB /* PBXTargetDependency */,
			);
			name = HodorKeyboard;
			productName = HodorKeyboard;
			productReference = F194711E23F0781300C5D1AB /* HodorKeyboard.app */;
			productType = "com.apple.product-type.application";
		};
		F194713823F07BB200C5D1AB /* Hodor */ = {
			isa = PBXNativeTarget;
			buildConfigurationList = F194714123F07BB200C5D1AB /* Build configuration list for PBXNativeTarget "Hodor" */;
			buildPhases = (
				F194713523F07BB200C5D1AB /* Sources */,
				F194713623F07BB200C5D1AB /* Frameworks */,
				F194713723F07BB200C5D1AB /* Resources */,
			);
			buildRules = (
			);
			dependencies = (
			);
			name = Hodor;
			productName = Hodor;
			productReference = F194713923F07BB200C5D1AB /* Hodor.appex */;
			productType = "com.apple.product-type.app-extension";
		};
/* End PBXNativeTarget section */

/* Begin PBXProject section */
		F194711623F0781300C5D1AB /* Project object */ = {
			isa = PBXProject;
			attributes = {
				LastSwiftUpdateCheck = 1130;
				LastUpgradeCheck = 1130;
				ORGANIZATIONNAME = "Yurii Sameliuk";
				TargetAttributes = {
					F194711D23F0781300C5D1AB = {
						CreatedOnToolsVersion = 11.3.1;
					};
					F194713823F07BB200C5D1AB = {
						CreatedOnToolsVersion = 11.3.1;
					};
				};
			};
			buildConfigurationList = F194711923F0781300C5D1AB /* Build configuration list for PBXProject "HodorKeyboard" */;
			compatibilityVersion = "Xcode 9.3";
			developmentRegion = en;
			hasScannedForEncodings = 0;
			knownRegions = (
				en,
				Base,
			);
			mainGroup = F194711523F0781300C5D1AB;
			productRefGroup = F194711F23F0781300C5D1AB /* Products */;
			projectDirPath = "";
			projectRoot = "";
			targets = (
				F194711D23F0781300C5D1AB /* HodorKeyboard */,
				F194713823F07BB200C5D1AB /* Hodor */,
			);
		};
/* End PBXProject section */

/* Begin PBXResourcesBuildPhase section */
		F194711C23F0781300C5D1AB /* Resources */ = {
			isa = PBXResourcesBuildPhase;
			buildActionMask = 2147483647;
			files = (
				F194712E23F0781500C5D1AB /* LaunchScreen.storyboard in Resources */,
				F194712B23F0781500C5D1AB /* Assets.xcassets in Resources */,
				F194712923F0781300C5D1AB /* Main.storyboard in Resources */,
			);
			runOnlyForDeploymentPostprocessing = 0;
		};
		F194713723F07BB200C5D1AB /* Resources */ = {
			isa = PBXResourcesBuildPhase;
			buildActionMask = 2147483647;
			files = (
				F194714623F07F9200C5D1AB /* hodor.png in Resources */,
			);
			runOnlyForDeploymentPostprocessing = 0;
		};
/* End PBXResourcesBuildPhase section */

/* Begin PBXSourcesBuildPhase section */
		F194711A23F0781300C5D1AB /* Sources */ = {
			isa = PBXSourcesBuildPhase;
			buildActionMask = 2147483647;
			files = (
				F194712623F0781300C5D1AB /* ViewController.swift in Sources */,
				F194712223F0781300C5D1AB /* AppDelegate.swift in Sources */,
				F194712423F0781300C5D1AB /* SceneDelegate.swift in Sources */,
			);
			runOnlyForDeploymentPostprocessing = 0;
		};
		F194713523F07BB200C5D1AB /* Sources */ = {
			isa = PBXSourcesBuildPhase;
			buildActionMask = 2147483647;
			files = (
				F194713C23F07BB200C5D1AB /* KeyboardViewController.swift in Sources */,
			);
			runOnlyForDeploymentPostprocessing = 0;
		};
/* End PBXSourcesBuildPhase section */

/* Begin PBXTargetDependency section */
		F194713F23F07BB200C5D1AB /* PBXTargetDependency */ = {
			isa = PBXTargetDependency;
			target = F194713823F07BB200C5D1AB /* Hodor */;
			targetProxy = F194713E23F07BB200C5D1AB /* PBXContainerItemProxy */;
		};
/* End PBXTargetDependency section */

/* Begin PBXVariantGroup section */
		F194712723F0781300C5D1AB /* Main.storyboard */ = {
			isa = PBXVariantGroup;
			children = (
				F194712823F0781300C5D1AB /* Base */,
			);
			name = Main.storyboard;
			sourceTree = "<group>";
		};
		F194712C23F0781500C5D1AB /* LaunchScreen.storyboard */ = {
			isa = PBXVariantGroup;
			children = (
				F194712D23F0781500C5D1AB /* Base */,
			);
			name = LaunchScreen.storyboard;
			sourceTree = "<group>";
		};
/* End PBXVariantGroup section */

/* Begin XCBuildConfiguration section */
		F194713023F0781500C5D1AB /* Debug */ = {
			isa = XCBuildConfiguration;
			buildSettings = {
				ALWAYS_SEARCH_USER_PATHS = NO;
				CLANG_ANALYZER_NONNULL = YES;
				CLANG_ANALYZER_NUMBER_OBJECT_CONVERSION = YES_AGGRESSIVE;
				CLANG_CXX_LANGUAGE_STANDARD = "gnu++14";
				CLANG_CXX_LIBRARY = "libc++";
				CLANG_ENABLE_MODULES = YES;
				CLANG_ENABLE_OBJC_ARC = YES;
				CLANG_ENABLE_OBJC_WEAK = YES;
				CLANG_WARN_BLOCK_CAPTURE_AUTORELEASING = YES;
				CLANG_WARN_BOOL_CONVERSION = YES;
				CLANG_WARN_COMMA = YES;
				CLANG_WARN_CONSTANT_CONVERSION = YES;
				CLANG_WARN_DEPRECATED_OBJC_IMPLEMENTATIONS = YES;
				CLANG_WARN_DIRECT_OBJC_ISA_USAGE = YES_ERROR;
				CLANG_WARN_DOCUMENTATION_COMMENTS = YES;
				CLANG_WARN_EMPTY_BODY = YES;
				CLANG_WARN_ENUM_CONVERSION = YES;
				CLANG_WARN_INFINITE_RECURSION = YES;
				CLANG_WARN_INT_CONVERSION = YES;
				CLANG_WARN_NON_LITERAL_NULL_CONVERSION = YES;
				CLANG_WARN_OBJC_IMPLICIT_RETAIN_SELF = YES;
				CLANG_WARN_OBJC_LITERAL_CONVERSION = YES;
				CLANG_WARN_OBJC_ROOT_CLASS = YES_ERROR;
				CLANG_WARN_RANGE_LOOP_ANALYSIS = YES;
				CLANG_WARN_STRICT_PROTOTYPES = YES;
				CLANG_WARN_SUSPICIOUS_MOVE = YES;
				CLANG_WARN_UNGUARDED_AVAILABILITY = YES_AGGRESSIVE;
				CLANG_WARN_UNREACHABLE_CODE = YES;
				CLANG_WARN__DUPLICATE_METHOD_MATCH = YES;
				COPY_PHASE_STRIP = NO;
				DEBUG_INFORMATION_FORMAT = dwarf;
				ENABLE_STRICT_OBJC_MSGSEND = YES;
				ENABLE_TESTABILITY = YES;
				GCC_C_LANGUAGE_STANDARD = gnu11;
				GCC_DYNAMIC_NO_PIC = NO;
				GCC_NO_COMMON_BLOCKS = YES;
				GCC_OPTIMIZATION_LEVEL = 0;
				GCC_PREPROCESSOR_DEFINITIONS = (
					"DEBUG=1",
					"$(inherited)",
				);
				GCC_WARN_64_TO_32_BIT_CONVERSION = YES;
				GCC_WARN_ABOUT_RETURN_TYPE = YES_ERROR;
				GCC_WARN_UNDECLARED_SELECTOR = YES;
				GCC_WARN_UNINITIALIZED_AUTOS = YES_AGGRESSIVE;
				GCC_WARN_UNUSED_FUNCTION = YES;
				GCC_WARN_UNUSED_VARIABLE = YES;
				IPHONEOS_DEPLOYMENT_TARGET = 13.2;
				MTL_ENABLE_DEBUG_INFO = INCLUDE_SOURCE;
				MTL_FAST_MATH = YES;
				ONLY_ACTIVE_ARCH = YES;
				SDKROOT = iphoneos;
				SWIFT_ACTIVE_COMPILATION_CONDITIONS = DEBUG;
				SWIFT_OPTIMIZATION_LEVEL = "-Onone";
			};
			name = Debug;
		};
		F194713123F0781500C5D1AB /* Release */ = {
			isa = XCBuildConfiguration;
			buildSettings = {
				ALWAYS_SEARCH_USER_PATHS = NO;
				CLANG_ANALYZER_NONNULL = YES;
				CLANG_ANALYZER_NUMBER_OBJECT_CONVERSION = YES_AGGRESSIVE;
				CLANG_CXX_LANGUAGE_STANDARD = "gnu++14";
				CLANG_CXX_LIBRARY = "libc++";
				CLANG_ENABLE_MODULES = YES;
				CLANG_ENABLE_OBJC_ARC = YES;
				CLANG_ENABLE_OBJC_WEAK = YES;
				CLANG_WARN_BLOCK_CAPTURE_AUTORELEASING = YES;
				CLANG_WARN_BOOL_CONVERSION = YES;
				CLANG_WARN_COMMA = YES;
				CLANG_WARN_CONSTANT_CONVERSION = YES;
				CLANG_WARN_DEPRECATED_OBJC_IMPLEMENTATIONS = YES;
				CLANG_WARN_DIRECT_OBJC_ISA_USAGE = YES_ERROR;
				CLANG_WARN_DOCUMENTATION_COMMENTS = YES;
				CLANG_WARN_EMPTY_BODY = YES;
				CLANG_WARN_ENUM_CONVERSION = YES;
				CLANG_WARN_INFINITE_RECURSION = YES;
				CLANG_WARN_INT_CONVERSION = YES;
				CLANG_WARN_NON_LITERAL_NULL_CONVERSION = YES;
				CLANG_WARN_OBJC_IMPLICIT_RETAIN_SELF = YES;
				CLANG_WARN_OBJC_LITERAL_CONVERSION = YES;
				CLANG_WARN_OBJC_ROOT_CLASS = YES_ERROR;
				CLANG_WARN_RANGE_LOOP_ANALYSIS = YES;
				CLANG_WARN_STRICT_PROTOTYPES = YES;
				CLANG_WARN_SUSPICIOUS_MOVE = YES;
				CLANG_WARN_UNGUARDED_AVAILABILITY = YES_AGGRESSIVE;
				CLANG_WARN_UNREACHABLE_CODE = YES;
				CLANG_WARN__DUPLICATE_METHOD_MATCH = YES;
				COPY_PHASE_STRIP = NO;
				DEBUG_INFORMATION_FORMAT = "dwarf-with-dsym";
				ENABLE_NS_ASSERTIONS = NO;
				ENABLE_STRICT_OBJC_MSGSEND = YES;
				GCC_C_LANGUAGE_STANDARD = gnu11;
				GCC_NO_COMMON_BLOCKS = YES;
				GCC_WARN_64_TO_32_BIT_CONVERSION = YES;
				GCC_WARN_ABOUT_RETURN_TYPE = YES_ERROR;
				GCC_WARN_UNDECLARED_SELECTOR = YES;
				GCC_WARN_UNINITIALIZED_AUTOS = YES_AGGRESSIVE;
				GCC_WARN_UNUSED_FUNCTION = YES;
				GCC_WARN_UNUSED_VARIABLE = YES;
				IPHONEOS_DEPLOYMENT_TARGET = 13.2;
				MTL_ENABLE_DEBUG_INFO = NO;
				MTL_FAST_MATH = YES;
				SDKROOT = iphoneos;
				SWIFT_COMPILATION_MODE = wholemodule;
				SWIFT_OPTIMIZATION_LEVEL = "-O";
				VALIDATE_PRODUCT = YES;
			};
			name = Release;
		};
		F194713323F0781500C5D1AB /* Debug */ = {
			isa = XCBuildConfiguration;
			buildSettings = {
				ALWAYS_EMBED_SWIFT_STANDARD_LIBRARIES = YES;
				ASSETCATALOG_COMPILER_APPICON_NAME = AppIcon;
				CODE_SIGN_STYLE = Automatic;
				INFOPLIST_FILE = HodorKeyboard/Info.plist;
				LD_RUNPATH_SEARCH_PATHS = (
					"$(inherited)",
					"@executable_path/Frameworks",
				);
				PRODUCT_BUNDLE_IDENTIFIER = com.sameliuk.HodorKeyboard;
				PRODUCT_NAME = "$(TARGET_NAME)";
				SWIFT_VERSION = 5.0;
				TARGETED_DEVICE_FAMILY = "1,2";
			};
			name = Debug;
		};
		F194713423F0781500C5D1AB /* Release */ = {
			isa = XCBuildConfiguration;
			buildSettings = {
				ALWAYS_EMBED_SWIFT_STANDARD_LIBRARIES = YES;
				ASSETCATALOG_COMPILER_APPICON_NAME = AppIcon;
				CODE_SIGN_STYLE = Automatic;
				INFOPLIST_FILE = HodorKeyboard/Info.plist;
				LD_RUNPATH_SEARCH_PATHS = (
					"$(inherited)",
					"@executable_path/Frameworks",
				);
				PRODUCT_BUNDLE_IDENTIFIER = com.sameliuk.HodorKeyboard;
				PRODUCT_NAME = "$(TARGET_NAME)";
				SWIFT_VERSION = 5.0;
				TARGETED_DEVICE_FAMILY = "1,2";
			};
			name = Release;
		};
		F194714223F07BB200C5D1AB /* Debug */ = {
			isa = XCBuildConfiguration;
			buildSettings = {
				CODE_SIGN_STYLE = Automatic;
				INFOPLIST_FILE = Hodor/Info.plist;
				LD_RUNPATH_SEARCH_PATHS = (
					"$(inherited)",
					"@executable_path/Frameworks",
					"@executable_path/../../Frameworks",
				);
				PRODUCT_BUNDLE_IDENTIFIER = com.sameliuk.HodorKeyboard.Hodor;
				PRODUCT_NAME = "$(TARGET_NAME)";
				SKIP_INSTALL = YES;
				SWIFT_VERSION = 5.0;
				TARGETED_DEVICE_FAMILY = "1,2";
			};
			name = Debug;
		};
		F194714323F07BB200C5D1AB /* Release */ = {
			isa = XCBuildConfiguration;
			buildSettings = {
				CODE_SIGN_STYLE = Automatic;
				INFOPLIST_FILE = Hodor/Info.plist;
				LD_RUNPATH_SEARCH_PATHS = (
					"$(inherited)",
					"@executable_path/Frameworks",
					"@executable_path/../../Frameworks",
				);
				PRODUCT_BUNDLE_IDENTIFIER = com.sameliuk.HodorKeyboard.Hodor;
				PRODUCT_NAME = "$(TARGET_NAME)";
				SKIP_INSTALL = YES;
				SWIFT_VERSION = 5.0;
				TARGETED_DEVICE_FAMILY = "1,2";
			};
			name = Release;
		};
/* End XCBuildConfiguration section */

/* Begin XCConfigurationList section */
		F194711923F0781300C5D1AB /* Build configuration list for PBXProject "HodorKeyboard" */ = {
			isa = XCConfigurationList;
			buildConfigurations = (
				F194713023F0781500C5D1AB /* Debug */,
				F194713123F0781500C5D1AB /* Release */,
			);
			defaultConfigurationIsVisible = 0;
			defaultConfigurationName = Release;
		};
		F194713223F0781500C5D1AB /* Build configuration list for PBXNativeTarget "HodorKeyboard" */ = {
			isa = XCConfigurationList;
			buildConfigurations = (
				F194713323F0781500C5D1AB /* Debug */,
				F194713423F0781500C5D1AB /* Release */,
			);
			defaultConfigurationIsVisible = 0;
			defaultConfigurationName = Release;
		};
		F194714123F07BB200C5D1AB /* Build configuration list for PBXNativeTarget "Hodor" */ = {
			isa = XCConfigurationList;
			buildConfigurations = (
				F194714223F07BB200C5D1AB /* Debug */,
				F194714323F07BB200C5D1AB /* Release */,
			);
			defaultConfigurationIsVisible = 0;
			defaultConfigurationName = Release;
		};
/* End XCConfigurationList section */
	};
	rootObject = F194711623F0781300C5D1AB /* Project object */;
}
